
Microsoft Visual Studio Solution File, Format Version 12.00
# Visual Studio Version 17
VisualStudioVersion = 17.6.33829.357
MinimumVisualStudioVersion = 10.0.40219.1
Project("{FAE04EC0-301F-11D3-BF4B-00C04F79EFBC}") = "PersonelTakipUygulamasi", "PersonelTakipUygulamasi\PersonelTakipUygulamasi.csproj", "{69DF1E3C-74FB-465A-850E-C143CB390837}"
EndProject
Global
	GlobalSection(SolutionConfigurationPlatforms) = preSolution
		Debug|Any CPU = Debug|Any CPU
		Release|Any CPU = Release|Any CPU
	EndGlobalSection
	GlobalSection(ProjectConfigurationPlatforms) = postSolution
		{69DF1E3C-74FB-465A-850E-C143CB390837}.Debug|Any CPU.ActiveCfg = Debug|Any CPU
		{69DF1E3C-74FB-465A-850E-C143CB390837}.Debug|Any CPU.Build.0 = Debug|Any CPU
		{69DF1E3C-74FB-465A-850E-C143CB390837}.Release|Any CPU.ActiveCfg = Release|Any CPU
		{69DF1E3C-74FB-465A-850E-C143CB390837}.Release|Any CPU.Build.0 = Release|Any CPU
	EndGlobalSection
	GlobalSection(SolutionProperties) = preSolution
		HideSolutionNode = FALSE
	EndGlobalSection
	GlobalSection(ExtensibilityGlobals) = postSolution
		SolutionGuid = {4B6B0D46-BFBC-4AE5-8BC6-B21A53A1B3D1}
	EndGlobalSection
EndGlobal
